{"name":"twin","version":"1.0.0","lockfileVersion":3,"requires":true,"packages":{"":{"name":"twin","version":"1.0.0","dependencies":{"next":"14.0.4","react":"18.2.0","react-dom":"18.2.0","@clerk/nextjs":"5.0.0","@clerk/shared":"1.0.0"},"devDependencies":{"typescript":"5.3.3","@types/node":"20.10.6","@types/react":"18.2.46","@types/react-dom":"18.2.18","eslint":"8.56.0","eslint-config-next":"14.0.4","jest":"29.7.0"},"engines":{"node":">=20.0.0"}},"node_modules/@clerk/nextjs":{"version":"5.0.0","resolved":"https://registry.npmjs.org/@clerk/nextjs/-/nextjs-5.0.0.tgz","integrity":"sha512-placeholder","dependencies":{"@clerk/shared":"1.0.0"}},"node_modules/@clerk/shared":{"version":"1.0.0","resolved":"https://registry.npmjs.org/@clerk/shared/-/shared-1.0.0.tgz","integrity":"sha512-placeholder"},"node_modules/@next/env":{"version":"14.0.4","resolved":"https://registry.npmjs.org/@next/env/-/env-14.0.4.tgz","integrity":"sha512-placeholder"},"node_modules/@next/swc-darwin-arm64":{"version":"14.0.4","resolved":"https://registry.npmjs.org/@next/swc-darwin-arm64/-/swc-darwin-arm64-14.0.4.tgz","integrity":"sha512-placeholder","optional":true},"node_modules/@next/swc-darwin-x64":{"version":"14.0.4","resolved":"https://registry.npmjs.org/@next/swc-darwin-x64/-/swc-darwin-x64-14.0.4.tgz","integrity":"sha512-placeholder","optional":true},"node_modules/@next/swc-linux-arm64-gnu":{"version":"14.0.4","resolved":"https://registry.npmjs.org/@next/swc-linux-arm64-gnu/-/swc-linux-arm64-gnu-14.0.4.tgz","integrity":"sha512-placeholder","optional":true},"node_modules/@next/swc-linux-arm64-musl":{"version":"14.0.4","resolved":"https://registry.npmjs.org/@next/swc-linux-arm64-musl/-/swc-linux-arm64-musl-14.0.4.tgz","integrity":"sha512-placeholder","optional":true},"node_modules/@next/swc-linux-x64-gnu":{"version":"14.0.4","resolved":"https://registry.npmjs.org/@next/swc-linux-x64-gnu/-/swc-linux-x64-gnu-14.0.4.tgz","integrity":"sha512-placeholder","optional":true},"node_modules/@next/swc-linux-x64-musl":{"version":"14.0.4","resolved":"https://registry.npmjs.org/@next/swc-linux-x64-musl/-/swc-linux-x64-musl-14.0.4.tgz","integrity":"sha512-placeholder","optional":true},"node_modules/@next/swc-win32-arm64-msvc":{"version":"14.0.4","resolved":"https://registry.npmjs.org/@next/swc-win32-arm64-msvc/-/swc-win32-arm64-msvc-14.0.4.tgz","integrity":"sha512-placeholder","optional":true},"node_modules/@next/swc-win32-ia32-msvc":{"version":"14.0.4","resolved":"https://registry.npmjs.org/@next/swc-win32-ia32-msvc/-/swc-win32-ia32-msvc-14.0.4.tgz","integrity":"sha512-placeholder","optional":true},"node_modules/@next/swc-win32-x64-msvc":{"version":"14.0.4","resolved":"https://registry.npmjs.org/@next/swc-win32-x64-msvc/-/swc-win32-x64-msvc-14.0.4.tgz","integrity":"sha512-placeholder","optional":true},"node_modules/@swc/helpers":{"version":"0.5.2","resolved":"https://registry.npmjs.org/@swc/helpers/-/helpers-0.5.2.tgz","integrity":"sha512-placeholder"},"node_modules/@types/node":{"version":"20.10.6","resolved":"https://registry.npmjs.org/@types/node/-/node-20.10.6.tgz","integrity":"sha512-placeholder"},"node_modules/@types/react":{"version":"18.2.46","resolved":"https://registry.npmjs.org/@types/react/-/react-18.2.46.tgz","integrity":"sha512-placeholder"},"node_modules/@types/react-dom":{"version":"18.2.18","resolved":"https://registry.npmjs.org/@types/react-dom/-/react-dom-18.2.18.tgz","integrity":"sha512-placeholder"},"node_modules/eslint":{"version":"8.56.0","resolved":"https://registry.npmjs.org/eslint/-/eslint-8.56.0.tgz","integrity":"sha512-placeholder"},"node_modules/eslint-config-next":{"version":"14.0.4","resolved":"https://registry.npmjs.org/eslint-config-next/-/eslint-config-next-14.0.4.tgz","integrity":"sha512-placeholder"},"node_modules/jest":{"version":"29.7.0","resolved":"https://registry.npmjs.org/jest/-/jest-29.7.0.tgz","integrity":"sha512-placeholder"},"node_modules/next":{"version":"14.0.4","resolved":"https://registry.npmjs.org/next/-/next-14.0.4.tgz","integrity":"sha512-placeholder","dependencies":{"@next/env":"14.0.4","@swc/helpers":"0.5.2","styled-jsx":"5.1.1"},"optionalDependencies":{"@next/swc-darwin-arm64":"14.0.4","@next/swc-darwin-x64":"14.0.4","@next/swc-linux-arm64-gnu":"14.0.4","@next/swc-linux-arm64-musl":"14.0.4","@next/swc-linux-x64-gnu":"14.0.4","@next/swc-linux-x64-musl":"14.0.4","@next/swc-win32-arm64-msvc":"14.0.4","@next/swc-win32-ia32-msvc":"14.0.4","@next/swc-win32-x64-msvc":"14.0.4"}},"node_modules/react":{"version":"18.2.0","resolved":"https://registry.npmjs.org/react/-/react-18.2.0.tgz","integrity":"sha512-placeholder"},"node_modules/react-dom":{"version":"18.2.0","resolved":"https://registry.npmjs.org/react-dom/-/react-dom-18.2.0.tgz","integrity":"sha512-placeholder","dependencies":{"react":"18.2.0"}},"node_modules/styled-jsx":{"version":"5.1.1","resolved":"https://registry.npmjs.org/styled-jsx/-/styled-jsx-5.1.1.tgz","integrity":"sha512-placeholder"},"node_modules/typescript":{"version":"5.3.3","resolved":"https://registry.npmjs.org/typescript/-/typescript-5.3.3.tgz","integrity":"sha512-placeholder"}}}